// !$*UTF8*$!
{
	archiveVersion = 1;
	classes = {
	};
	objectVersion = 55;
	objects = {

/* Begin PBXBuildFile section */
		D877BCDD28AB86FD00A11DDC /* AppDelegate.swift in Sources */ = {isa = PBXBuildFile; fileRef = D877BCDC28AB86FD00A11DDC /* AppDelegate.swift */; };
		D877BCDF28AB86FD00A11DDC /* SceneDelegate.swift in Sources */ = {isa = PBXBuildFile; fileRef = D877BCDE28AB86FD00A11DDC /* SceneDelegate.swift */; };
		D877BCE128AB86FD00A11DDC /* ViewController.swift in Sources */ = {isa = PBXBuildFile; fileRef = D877BCE028AB86FD00A11DDC /* ViewController.swift */; };
		D877BCE428AB86FD00A11DDC /* Main.storyboard in Resources */ = {isa = PBXBuildFile; fileRef = D877BCE228AB86FD00A11DDC /* Main.storyboard */; };
		D877BCE728AB86FD00A11DDC /* Birthday_tracker.xcdatamodeld in Sources */ = {isa = PBXBuildFile; fileRef = D877BCE528AB86FD00A11DDC /* Birthday_tracker.xcdatamodeld */; };
		D877BCE928AB86FF00A11DDC /* Assets.xcassets in Resources */ = {isa = PBXBuildFile; fileRef = D877BCE828AB86FF00A11DDC /* Assets.xcassets */; };
		D877BCEC28AB86FF00A11DDC /* LaunchScreen.storyboard in Resources */ = {isa = PBXBuildFile; fileRef = D877BCEA28AB86FF00A11DDC /* LaunchScreen.storyboard */; };
		D8BBC81828AB8E8C00EBAB31 /* AddBirthdayViewController.swift in Sources */ = {isa = PBXBuildFile; fileRef = D8BBC81728AB8E8C00EBAB31 /* AddBirthdayViewController.swift */; };
		D8BBC81A28AB917400EBAB31 /* Birthday.swift in Sources */ = {isa = PBXBuildFile; fileRef = D8BBC81928AB917400EBAB31 /* Birthday.swift */; };
/* End PBXBuildFile section */

/* Begin PBXFileReference section */
		D877BCD928AB86FD00A11DDC /* Birthday tracker.app */ = {isa = PBXFileReference; explicitFileType = wrapper.application; includeInIndex = 0; path = "Birthday tracker.app"; sourceTree = BUILT_PRODUCTS_DIR; };
		D877BCDC28AB86FD00A11DDC /* AppDelegate.swift */ = {isa = PBXFileReference; lastKnownFileType = sourcecode.swift; path = AppDelegate.swift; sourceTree = "<group>"; };
		D877BCDE28AB86FD00A11DDC /* SceneDelegate.swift */ = {isa = PBXFileReference; lastKnownFileType = sourcecode.swift; path = SceneDelegate.swift; sourceTree = "<group>"; };
		D877BCE028AB86FD00A11DDC /* ViewController.swift */ = {isa = PBXFileReference; lastKnownFileType = sourcecode.swift; path = ViewController.swift; sourceTree = "<group>"; };
		D877BCE328AB86FD00A11DDC /* Base */ = {isa = PBXFileReference; lastKnownFileType = file.storyboard; name = Base; path = Base.lproj/Main.storyboard; sourceTree = "<group>"; };
		D877BCE628AB86FD00A11DDC /* Birthday_tracker.xcdatamodel */ = {isa = PBXFileReference; lastKnownFileType = wrapper.xcdatamodel; path = Birthday_tracker.xcdatamodel; sourceTree = "<group>"; };
		D877BCE828AB86FF00A11DDC /* Assets.xcassets */ = {isa = PBXFileReference; lastKnownFileType = folder.assetcatalog; path = Assets.xcassets; sourceTree = "<group>"; };
		D877BCEB28AB86FF00A11DDC /* Base */ = {isa = PBXFileReference; lastKnownFileType = file.storyboard; name = Base; path = Base.lproj/LaunchScreen.storyboard; sourceTree = "<group>"; };
		D877BCED28AB86FF00A11DDC /* Info.plist */ = {isa = PBXFileReference; lastKnownFileType = text.plist.xml; path = Info.plist; sourceTree = "<group>"; };
		D8BBC81728AB8E8C00EBAB31 /* AddBirthdayViewController.swift */ = {isa = PBXFileReference; lastKnownFileType = sourcecode.swift; path = AddBirthdayViewController.swift; sourceTree = "<group>"; };
		D8BBC81928AB917400EBAB31 /* Birthday.swift */ = {isa = PBXFileReference; lastKnownFileType = sourcecode.swift; path = Birthday.swift; sourceTree = "<group>"; };
/* End PBXFileReference section */

/* Begin PBXFrameworksBuildPhase section */
		D877BCD628AB86FD00A11DDC /* Frameworks */ = {
			isa = PBXFrameworksBuildPhase;
			buildActionMask = 2147483647;
			files = (
			);
			runOnlyForDeploymentPostprocessing = 0;
		};
/* End PBXFrameworksBuildPhase section */

/* Begin PBXGroup section */
		D877BCD028AB86FD00A11DDC = {
			isa = PBXGroup;
			children = (
				D877BCDB28AB86FD00A11DDC /* Birthday tracker */,
				D877BCDA28AB86FD00A11DDC /* Products */,
			);
			sourceTree = "<group>";
		};
		D877BCDA28AB86FD00A11DDC /* Products */ = {
			isa = PBXGroup;
			children = (
				D877BCD928AB86FD00A11DDC /* Birthday tracker.app */,
			);
			name = Products;
			sourceTree = "<group>";
		};
		D877BCDB28AB86FD00A11DDC /* Birthday tracker */ = {
			isa = PBXGroup;
			children = (
				D877BCDC28AB86FD00A11DDC /* AppDelegate.swift */,
				D877BCDE28AB86FD00A11DDC /* SceneDelegate.swift */,
				D877BCE028AB86FD00A11DDC /* ViewController.swift */,
				D8BBC81728AB8E8C00EBAB31 /* AddBirthdayViewController.swift */,
				D877BCE228AB86FD00A11DDC /* Main.storyboard */,
				D877BCE828AB86FF00A11DDC /* Assets.xcassets */,
				D877BCEA28AB86FF00A11DDC /* LaunchScreen.storyboard */,
				D877BCED28AB86FF00A11DDC /* Info.plist */,
				D877BCE528AB86FD00A11DDC /* Birthday_tracker.xcdatamodeld */,
				D8BBC81928AB917400EBAB31 /* Birthday.swift */,
			);
			path = "Birthday tracker";
			sourceTree = "<group>";
		};
/* End PBXGroup section */

/* Begin PBXNativeTarget section */
		D877BCD828AB86FD00A11DDC /* Birthday tracker */ = {
			isa = PBXNativeTarget;
			buildConfigurationList = D877BCF028AB86FF00A11DDC /* Build configuration list for PBXNativeTarget "Birthday tracker" */;
			buildPhases = (
				D877BCD528AB86FD00A11DDC /* Sources */,
				D877BCD628AB86FD00A11DDC /* Frameworks */,
				D877BCD728AB86FD00A11DDC /* Resources */,
			);
			buildRules = (
			);
			dependencies = (
			);
			name = "Birthday tracker";
			productName = "Birthday tracker";
			productReference = D877BCD928AB86FD00A11DDC /* Birthday tracker.app */;
			productType = "com.apple.product-type.application";
		};
/* End PBXNativeTarget section */

/* Begin PBXProject section */
		D877BCD128AB86FD00A11DDC /* Project object */ = {
			isa = PBXProject;
			attributes = {
				BuildIndependentTargetsInParallel = 1;
				LastSwiftUpdateCheck = 1340;
				LastUpgradeCheck = 1340;
				TargetAttributes = {
					D877BCD828AB86FD00A11DDC = {
						CreatedOnToolsVersion = 13.4.1;
					};
				};
			};
			buildConfigurationList = D877BCD428AB86FD00A11DDC /* Build configuration list for PBXProject "Birthday tracker" */;
			compatibilityVersion = "Xcode 13.0";
			developmentRegion = en;
			hasScannedForEncodings = 0;
			knownRegions = (
				en,
				Base,
			);
			mainGroup = D877BCD028AB86FD00A11DDC;
			productRefGroup = D877BCDA28AB86FD00A11DDC /* Products */;
			projectDirPath = "";
			projectRoot = "";
			targets = (
				D877BCD828AB86FD00A11DDC /* Birthday tracker */,
			);
		};
/* End PBXProject section */

/* Begin PBXResourcesBuildPhase section */
		D877BCD728AB86FD00A11DDC /* Resources */ = {
			isa = PBXResourcesBuildPhase;
			buildActionMask = 2147483647;
			files = (
				D877BCEC28AB86FF00A11DDC /* LaunchScreen.storyboard in Resources */,
				D877BCE928AB86FF00A11DDC /* Assets.xcassets in Resources */,
				D877BCE428AB86FD00A11DDC /* Main.storyboard in Resources */,
			);
			runOnlyForDeploymentPostprocessing = 0;
		};
/* End PBXResourcesBuildPhase section */

/* Begin PBXSourcesBuildPhase section */
		D877BCD528AB86FD00A11DDC /* Sources */ = {
			isa = PBXSourcesBuildPhase;
			buildActionMask = 2147483647;
			files = (
				D877BCE128AB86FD00A11DDC /* ViewController.swift in Sources */,
				D8BBC81828AB8E8C00EBAB31 /* AddBirthdayViewController.swift in Sources */,
				D8BBC81A28AB917400EBAB31 /* Birthday.swift in Sources */,
				D877BCDD28AB86FD00A11DDC /* AppDelegate.swift in Sources */,
				D877BCDF28AB86FD00A11DDC /* SceneDelegate.swift in Sources */,
				D877BCE728AB86FD00A11DDC /* Birthday_tracker.xcdatamodeld in Sources */,
			);
			runOnlyForDeploymentPostprocessing = 0;
		};
/* End PBXSourcesBuildPhase section */

/* Begin PBXVariantGroup section */
		D877BCE228AB86FD00A11DDC /* Main.storyboard */ = {
			isa = PBXVariantGroup;
			children = (
				D877BCE328AB86FD00A11DDC /* Base */,
			);
			name = Main.storyboard;
			sourceTree = "<group>";
		};
		D877BCEA28AB86FF00A11DDC /* LaunchScreen.storyboard */ = {
			isa = PBXVariantGroup;
			children = (
				D877BCEB28AB86FF00A11DDC /* Base */,
			);
			name = LaunchScreen.storyboard;
			sourceTree = "<group>";
		};
/* End PBXVariantGroup section */

/* Begin XCBuildConfiguration section */
		D877BCEE28AB86FF00A11DDC /* Debug */ = {
			isa = XCBuildConfiguration;
			buildSettings = {
				ALWAYS_SEARCH_USER_PATHS = NO;
				CLANG_ANALYZER_NONNULL = YES;
				CLANG_ANALYZER_NUMBER_OBJECT_CONVERSION = YES_AGGRESSIVE;
				CLANG_CXX_LANGUAGE_STANDARD = "gnu++17";
				CLANG_ENABLE_MODULES = YES;
				CLANG_ENABLE_OBJC_ARC = YES;
				CLANG_ENABLE_OBJC_WEAK = YES;
				CLANG_WARN_BLOCK_CAPTURE_AUTORELEASING = YES;
				CLANG_WARN_BOOL_CONVERSION = YES;
				CLANG_WARN_COMMA = YES;
				CLANG_WARN_CONSTANT_CONVERSION = YES;
				CLANG_WARN_DEPRECATED_OBJC_IMPLEMENTATIONS = YES;
				CLANG_WARN_DIRECT_OBJC_ISA_USAGE = YES_ERROR;
				CLANG_WARN_DOCUMENTATION_COMMENTS = YES;
				CLANG_WARN_EMPTY_BODY = YES;
				CLANG_WARN_ENUM_CONVERSION = YES;
				CLANG_WARN_INFINITE_RECURSION = YES;
				CLANG_WARN_INT_CONVERSION = YES;
				CLANG_WARN_NON_LITERAL_NULL_CONVERSION = YES;
				CLANG_WARN_OBJC_IMPLICIT_RETAIN_SELF = YES;
				CLANG_WARN_OBJC_LITERAL_CONVERSION = YES;
				CLANG_WARN_OBJC_ROOT_CLASS = YES_ERROR;
				CLANG_WARN_QUOTED_INCLUDE_IN_FRAMEWORK_HEADER = YES;
				CLANG_WARN_RANGE_LOOP_ANALYSIS = YES;
				CLANG_WARN_STRICT_PROTOTYPES = YES;
				CLANG_WARN_SUSPICIOUS_MOVE = YES;
				CLANG_WARN_UNGUARDED_AVAILABILITY = YES_AGGRESSIVE;
				CLANG_WARN_UNREACHABLE_CODE = YES;
				CLANG_WARN__DUPLICATE_METHOD_MATCH = YES;
				COPY_PHASE_STRIP = NO;
				DEBUG_INFORMATION_FORMAT = dwarf;
				ENABLE_STRICT_OBJC_MSGSEND = YES;
				ENABLE_TESTABILITY = YES;
				GCC_C_LANGUAGE_STANDARD = gnu11;
				GCC_DYNAMIC_NO_PIC = NO;
				GCC_NO_COMMON_BLOCKS = YES;
				GCC_OPTIMIZATION_LEVEL = 0;
				GCC_PREPROCESSOR_DEFINITIONS = (
					"DEBUG=1",
					"$(inherited)",
				);
				GCC_WARN_64_TO_32_BIT_CONVERSION = YES;
				GCC_WARN_ABOUT_RETURN_TYPE = YES_ERROR;
				GCC_WARN_UNDECLARED_SELECTOR = YES;
				GCC_WARN_UNINITIALIZED_AUTOS = YES_AGGRESSIVE;
				GCC_WARN_UNUSED_FUNCTION = YES;
				GCC_WARN_UNUSED_VARIABLE = YES;
				IPHONEOS_DEPLOYMENT_TARGET = 15.5;
				MTL_ENABLE_DEBUG_INFO = INCLUDE_SOURCE;
				MTL_FAST_MATH = YES;
				ONLY_ACTIVE_ARCH = YES;
				SDKROOT = iphoneos;
				SWIFT_ACTIVE_COMPILATION_CONDITIONS = DEBUG;
				SWIFT_OPTIMIZATION_LEVEL = "-Onone";
			};
			name = Debug;
		};
		D877BCEF28AB86FF00A11DDC /* Release */ = {
			isa = XCBuildConfiguration;
			buildSettings = {
				ALWAYS_SEARCH_USER_PATHS = NO;
				CLANG_ANALYZER_NONNULL = YES;
				CLANG_ANALYZER_NUMBER_OBJECT_CONVERSION = YES_AGGRESSIVE;
				CLANG_CXX_LANGUAGE_STANDARD = "gnu++17";
				CLANG_ENABLE_MODULES = YES;
				CLANG_ENABLE_OBJC_ARC = YES;
				CLANG_ENABLE_OBJC_WEAK = YES;
				CLANG_WARN_BLOCK_CAPTURE_AUTORELEASING = YES;
				CLANG_WARN_BOOL_CONVERSION = YES;
				CLANG_WARN_COMMA = YES;
				CLANG_WARN_CONSTANT_CONVERSION = YES;
				CLANG_WARN_DEPRECATED_OBJC_IMPLEMENTATIONS = YES;
				CLANG_WARN_DIRECT_OBJC_ISA_USAGE = YES_ERROR;
				CLANG_WARN_DOCUMENTATION_COMMENTS = YES;
				CLANG_WARN_EMPTY_BODY = YES;
				CLANG_WARN_ENUM_CONVERSION = YES;
				CLANG_WARN_INFINITE_RECURSION = YES;
				CLANG_WARN_INT_CONVERSION = YES;
				CLANG_WARN_NON_LITERAL_NULL_CONVERSION = YES;
				CLANG_WARN_OBJC_IMPLICIT_RETAIN_SELF = YES;
				CLANG_WARN_OBJC_LITERAL_CONVERSION = YES;
				CLANG_WARN_OBJC_ROOT_CLASS = YES_ERROR;
				CLANG_WARN_QUOTED_INCLUDE_IN_FRAMEWORK_HEADER = YES;
				CLANG_WARN_RANGE_LOOP_ANALYSIS = YES;
				CLANG_WARN_STRICT_PROTOTYPES = YES;
				CLANG_WARN_SUSPICIOUS_MOVE = YES;
				CLANG_WARN_UNGUARDED_AVAILABILITY = YES_AGGRESSIVE;
				CLANG_WARN_UNREACHABLE_CODE = YES;
				CLANG_WARN__DUPLICATE_METHOD_MATCH = YES;
				COPY_PHASE_STRIP = NO;
				DEBUG_INFORMATION_FORMAT = "dwarf-with-dsym";
				ENABLE_NS_ASSERTIONS = NO;
				ENABLE_STRICT_OBJC_MSGSEND = YES;
				GCC_C_LANGUAGE_STANDARD = gnu11;
				GCC_NO_COMMON_BLOCKS = YES;
				GCC_WARN_64_TO_32_BIT_CONVERSION = YES;
				GCC_WARN_ABOUT_RETURN_TYPE = YES_ERROR;
				GCC_WARN_UNDECLARED_SELECTOR = YES;
				GCC_WARN_UNINITIALIZED_AUTOS = YES_AGGRESSIVE;
				GCC_WARN_UNUSED_FUNCTION = YES;
				GCC_WARN_UNUSED_VARIABLE = YES;
				IPHONEOS_DEPLOYMENT_TARGET = 15.5;
				MTL_ENABLE_DEBUG_INFO = NO;
				MTL_FAST_MATH = YES;
				SDKROOT = iphoneos;
				SWIFT_COMPILATION_MODE = wholemodule;
				SWIFT_OPTIMIZATION_LEVEL = "-O";
				VALIDATE_PRODUCT = YES;
			};
			name = Release;
		};
		D877BCF128AB86FF00A11DDC /* Debug */ = {
			isa = XCBuildConfiguration;
			buildSettings = {
				ASSETCATALOG_COMPILER_APPICON_NAME = AppIcon;
				ASSETCATALOG_COMPILER_GLOBAL_ACCENT_COLOR_NAME = AccentColor;
				CODE_SIGN_IDENTITY = "Apple Development";
				CODE_SIGN_STYLE = Automatic;
				CURRENT_PROJECT_VERSION = 1;
				DEVELOPMENT_TEAM = 285RFT4HL7;
				GENERATE_INFOPLIST_FILE = YES;
				INFOPLIST_FILE = "Birthday tracker/Info.plist";
				INFOPLIST_KEY_CFBundleDisplayName = "birthday tracker";
				INFOPLIST_KEY_UIApplicationSupportsIndirectInputEvents = YES;
				INFOPLIST_KEY_UILaunchStoryboardName = LaunchScreen;
				INFOPLIST_KEY_UIMainStoryboardFile = Main;
				INFOPLIST_KEY_UISupportedInterfaceOrientations = UIInterfaceOrientationPortrait;
				INFOPLIST_KEY_UISupportedInterfaceOrientations_iPad = "UIInterfaceOrientationPortrait UIInterfaceOrientationPortraitUpsideDown UIInterfaceOrientationLandscapeLeft UIInterfaceOrientationLandscapeRight";
				INFOPLIST_KEY_UISupportedInterfaceOrientations_iPhone = "UIInterfaceOrientationPortrait UIInterfaceOrientationLandscapeLeft UIInterfaceOrientationLandscapeRight";
				LD_RUNPATH_SEARCH_PATHS = (
					"$(inherited)",
					"@executable_path/Frameworks",
				);
				MARKETING_VERSION = 1.0;
				PRODUCT_BUNDLE_IDENTIFIER = alexshamrey.Birthdaytracker;
				PRODUCT_NAME = "$(TARGET_NAME)";
				PROVISIONING_PROFILE_SPECIFIER = "";
				SWIFT_EMIT_LOC_STRINGS = YES;
				SWIFT_VERSION = 5.0;
				TARGETED_DEVICE_FAMILY = "1,2";
			};
			name = Debug;
		};
		D877BCF228AB86FF00A11DDC /* Release */ = {
			isa = XCBuildConfiguration;
			buildSettings = {
				ASSETCATALOG_COMPILER_APPICON_NAME = AppIcon;
				ASSETCATALOG_COMPILER_GLOBAL_ACCENT_COLOR_NAME = AccentColor;
				CODE_SIGN_IDENTITY = "Apple Development";
				CODE_SIGN_STYLE = Automatic;
				CURRENT_PROJECT_VERSION = 1;
				DEVELOPMENT_TEAM = 285RFT4HL7;
				GENERATE_INFOPLIST_FILE = YES;
				INFOPLIST_FILE = "Birthday tracker/Info.plist";
				INFOPLIST_KEY_CFBundleDisplayName = "birthday tracker";
				INFOPLIST_KEY_UIApplicationSupportsIndirectInputEvents = YES;
				INFOPLIST_KEY_UILaunchStoryboardName = LaunchScreen;
				INFOPLIST_KEY_UIMainStoryboardFile = Main;
				INFOPLIST_KEY_UISupportedInterfaceOrientations = UIInterfaceOrientationPortrait;
				INFOPLIST_KEY_UISupportedInterfaceOrientations_iPad = "UIInterfaceOrientationPortrait UIInterfaceOrientationPortraitUpsideDown UIInterfaceOrientationLandscapeLeft UIInterfaceOrientationLandscapeRight";
				INFOPLIST_KEY_UISupportedInterfaceOrientations_iPhone = "UIInterfaceOrientationPortrait UIInterfaceOrientationLandscapeLeft UIInterfaceOrientationLandscapeRight";
				LD_RUNPATH_SEARCH_PATHS = (
					"$(inherited)",
					"@executable_path/Frameworks",
				);
				MARKETING_VERSION = 1.0;
				PRODUCT_BUNDLE_IDENTIFIER = alexshamrey.Birthdaytracker;
				PRODUCT_NAME = "$(TARGET_NAME)";
				PROVISIONING_PROFILE_SPECIFIER = "";
				SWIFT_EMIT_LOC_STRINGS = YES;
				SWIFT_VERSION = 5.0;
				TARGETED_DEVICE_FAMILY = "1,2";
			};
			name = Release;
		};
/* End XCBuildConfiguration section */

/* Begin XCConfigurationList section */
		D877BCD428AB86FD00A11DDC /* Build configuration list for PBXProject "Birthday tracker" */ = {
			isa = XCConfigurationList;
			buildConfigurations = (
				D877BCEE28AB86FF00A11DDC /* Debug */,
				D877BCEF28AB86FF00A11DDC /* Release */,
			);
			defaultConfigurationIsVisible = 0;
			defaultConfigurationName = Release;
		};
		D877BCF028AB86FF00A11DDC /* Build configuration list for PBXNativeTarget "Birthday tracker" */ = {
			isa = XCConfigurationList;
			buildConfigurations = (
				D877BCF128AB86FF00A11DDC /* Debug */,
				D877BCF228AB86FF00A11DDC /* Release */,
			);
			defaultConfigurationIsVisible = 0;
			defaultConfigurationName = Release;
		};
/* End XCConfigurationList section */

/* Begin XCVersionGroup section */
		D877BCE528AB86FD00A11DDC /* Birthday_tracker.xcdatamodeld */ = {
			isa = XCVersionGroup;
			children = (
				D877BCE628AB86FD00A11DDC /* Birthday_tracker.xcdatamodel */,
			);
			currentVersion = D877BCE628AB86FD00A11DDC /* Birthday_tracker.xcdatamodel */;
			path = Birthday_tracker.xcdatamodeld;
			sourceTree = "<group>";
			versionGroupType = wrapper.xcdatamodel;
		};
/* End XCVersionGroup section */
	};
	rootObject = D877BCD128AB86FD00A11DDC /* Project object */;
}
